
Microsoft Visual Studio Solution File, Format Version 12.00
# Visual Studio Version 17
VisualStudioVersion = 17.8.34004.107
MinimumVisualStudioVersion = 10.0.40219.1
Project("{9A19103F-16F7-4668-BE54-9A1E7A4F7556}") = "Fibonacci.Api", "src\Fibonacci.Api.csproj", "{66C10BDF-CAC8-4DB9-A014-4B1142149254}"
EndProject
Global
	GlobalSection(SolutionConfigurationPlatforms) = preSolution
		Debug|Any CPU = Debug|Any CPU
		Release|Any CPU = Release|Any CPU
	EndGlobalSection
	GlobalSection(ProjectConfigurationPlatforms) = postSolution
		{66C10BDF-CAC8-4DB9-A014-4B1142149254}.Debug|Any CPU.ActiveCfg = Debug|Any CPU
		{66C10BDF-CAC8-4DB9-A014-4B1142149254}.Debug|Any CPU.Build.0 = Debug|Any CPU
		{66C10BDF-CAC8-4DB9-A014-4B1142149254}.Release|Any CPU.ActiveCfg = Release|Any CPU
		{66C10BDF-CAC8-4DB9-A014-4B1142149254}.Release|Any CPU.Build.0 = Release|Any CPU
	EndGlobalSection
	GlobalSection(SolutionProperties) = preSolution
		HideSolutionNode = FALSE
	EndGlobalSection
	GlobalSection(ExtensibilityGlobals) = postSolution
		SolutionGuid = {2DD75EC1-5F23-4CE9-8876-D582B7E4968B}
	EndGlobalSection
EndGlobal
